
Microsoft Visual Studio Solution File, Format Version 12.00
# Visual Studio Version 16
VisualStudioVersion = 16.0.30011.22
MinimumVisualStudioVersion = 10.0.40219.1
Project("{8BC9CEB8-8B4A-11D0-8D11-00A0C91BC942}") = "WAPIReflection", "WAPIReflection\WAPIReflection.vcxproj", "{4FB618A2-8D4E-4676-BDEC-02B977D84139}"
EndProject
Project("{8BC9CEB8-8B4A-11D0-8D11-00A0C91BC942}") = "AssemblyTest", "AssemblyTest\AssemblyTest.vcxproj", "{AE793820-81DB-469F-9823-2053BBAD4FFA}"
EndProject
Global
	GlobalSection(SolutionConfigurationPlatforms) = preSolution
		Debug|x64 = Debug|x64
		Debug|x86 = Debug|x86
		Release|x64 = Release|x64
		Release|x86 = Release|x86
	EndGlobalSection
	GlobalSection(ProjectConfigurationPlatforms) = postSolution
		{4FB618A2-8D4E-4676-BDEC-02B977D84139}.Debug|x64.ActiveCfg = Debug|x64
		{4FB618A2-8D4E-4676-BDEC-02B977D84139}.Debug|x64.Build.0 = Debug|x64
		{4FB618A2-8D4E-4676-BDEC-02B977D84139}.Debug|x86.ActiveCfg = Debug|Win32
		{4FB618A2-8D4E-4676-BDEC-02B977D84139}.Debug|x86.Build.0 = Debug|Win32
		{4FB618A2-8D4E-4676-BDEC-02B977D84139}.Release|x64.ActiveCfg = Release|x64
		{4FB618A2-8D4E-4676-BDEC-02B977D84139}.Release|x64.Build.0 = Release|x64
		{4FB618A2-8D4E-4676-BDEC-02B977D84139}.Release|x86.ActiveCfg = Release|Win32
		{4FB618A2-8D4E-4676-BDEC-02B977D84139}.Release|x86.Build.0 = Release|Win32
		{AE793820-81DB-469F-9823-2053BBAD4FFA}.Debug|x64.ActiveCfg = Debug|x64
		{AE793820-81DB-469F-9823-2053BBAD4FFA}.Debug|x64.Build.0 = Debug|x64
		{AE793820-81DB-469F-9823-2053BBAD4FFA}.Debug|x86.ActiveCfg = Debug|Win32
		{AE793820-81DB-469F-9823-2053BBAD4FFA}.Debug|x86.Build.0 = Debug|Win32
		{AE793820-81DB-469F-9823-2053BBAD4FFA}.Release|x64.ActiveCfg = Release|x64
		{AE793820-81DB-469F-9823-2053BBAD4FFA}.Release|x64.Build.0 = Release|x64
		{AE793820-81DB-469F-9823-2053BBAD4FFA}.Release|x86.ActiveCfg = Release|Win32
		{AE793820-81DB-469F-9823-2053BBAD4FFA}.Release|x86.Build.0 = Release|Win32
	EndGlobalSection
	GlobalSection(SolutionProperties) = preSolution
		HideSolutionNode = FALSE
	EndGlobalSection
	GlobalSection(ExtensibilityGlobals) = postSolution
		SolutionGuid = {71A80568-9720-4C2C-BE17-B29925E5CDA9}
	EndGlobalSection
EndGlobal
