<?xml version="1.0" encoding="utf-8"?>
<Project ToolsVersion="4.0" xmlns="http://schemas.microsoft.com/developer/msbuild/2003">
  <ItemGroup>
    <Filter Include="Resource Files">
      <UniqueIdentifier>{67DA6AB6-F800-4c08-8B7A-83BB121AAD01}</UniqueIdentifier>
      <Extensions>rc;ico;cur;bmp;dlg;rc2;rct;bin;rgs;gif;jpg;jpeg;jpe;resx;tiff;tif;png;wav;mfcribbon-ms</Extensions>
    </Filter>
    <Filter Include="wapirefl">
      <UniqueIdentifier>{93995380-89BD-4b04-88EB-625FBE52EBFB}</UniqueIdentifier>
      <Extensions>h;hh;hpp;hxx;h++;hm;inl;inc;ipp;xsd</Extensions>
    </Filter>
    <Filter Include="src">
      <UniqueIdentifier>{22792b66-c2dd-4ba4-8bda-cdd64a7008a4}</UniqueIdentifier>
    </Filter>
  </ItemGroup>
  <ItemGroup>
    <ClCompile Include="wapirefl\Array.cpp">
      <Filter>wapirefl</Filter>
    </ClCompile>
    <ClCompile Include="wapirefl\Assembly.cpp">
      <Filter>wapirefl</Filter>
    </ClCompile>
    <ClCompile Include="wapirefl\Class.cpp">
      <Filter>wapirefl</Filter>
    </ClCompile>
    <ClCompile Include="wapirefl\Enum.cpp">
      <Filter>wapirefl</Filter>
    </ClCompile>
    <ClCompile Include="wapirefl\Field.cpp">
      <Filter>wapirefl</Filter>
    </ClCompile>
    <ClCompile Include="wapirefl\FuncSignature.cpp">
      <Filter>wapirefl</Filter>
    </ClCompile>
    <ClCompile Include="wapirefl\Method.cpp">
      <Filter>wapirefl</Filter>
    </ClCompile>
    <ClCompile Include="wapirefl\Pointer.cpp">
      <Filter>wapirefl</Filter>
    </ClCompile>
    <ClCompile Include="wapirefl\Symbol.cpp">
      <Filter>wapirefl</Filter>
    </ClCompile>
    <ClCompile Include="wapirefl\Type.cpp">
      <Filter>wapirefl</Filter>
    </ClCompile>
    <ClCompile Include="wapirefl\ValueType.cpp">
      <Filter>wapirefl</Filter>
    </ClCompile>
    <ClCompile Include="src\main.cpp">
      <Filter>src</Filter>
    </ClCompile>
    <ClCompile Include="src\MessageSystem.cpp">
      <Filter>src</Filter>
    </ClCompile>
    <ClCompile Include="src\InitNotifySystem.cpp">
      <Filter>src</Filter>
    </ClCompile>
    <ClCompile Include="src\SystemManager.cpp">
      <Filter>src</Filter>
    </ClCompile>
  </ItemGroup>
  <ItemGroup>
    <ClInclude Include="wapirefl\Array.h">
      <Filter>wapirefl</Filter>
    </ClInclude>
    <ClInclude Include="wapirefl\Assembly.h">
      <Filter>wapirefl</Filter>
    </ClInclude>
    <ClInclude Include="wapirefl\BasicType.h">
      <Filter>wapirefl</Filter>
    </ClInclude>
    <ClInclude Include="wapirefl\Class.h">
      <Filter>wapirefl</Filter>
    </ClInclude>
    <ClInclude Include="wapirefl\Enum.h">
      <Filter>wapirefl</Filter>
    </ClInclude>
    <ClInclude Include="wapirefl\Field.h">
      <Filter>wapirefl</Filter>
    </ClInclude>
    <ClInclude Include="wapirefl\FuncSignature.h">
      <Filter>wapirefl</Filter>
    </ClInclude>
    <ClInclude Include="wapirefl\Method.h">
      <Filter>wapirefl</Filter>
    </ClInclude>
    <ClInclude Include="wapirefl\Pointer.h">
      <Filter>wapirefl</Filter>
    </ClInclude>
    <ClInclude Include="wapirefl\Symbol.h">
      <Filter>wapirefl</Filter>
    </ClInclude>
    <ClInclude Include="wapirefl\SymTag.h">
      <Filter>wapirefl</Filter>
    </ClInclude>
    <ClInclude Include="wapirefl\Type.h">
      <Filter>wapirefl</Filter>
    </ClInclude>
    <ClInclude Include="wapirefl\Value.h">
      <Filter>wapirefl</Filter>
    </ClInclude>
    <ClInclude Include="wapirefl\ValueType.h">
      <Filter>wapirefl</Filter>
    </ClInclude>
    <ClInclude Include="src\ISystem.h">
      <Filter>src</Filter>
    </ClInclude>
    <ClInclude Include="src\MessageSystem.h">
      <Filter>src</Filter>
    </ClInclude>
    <ClInclude Include="src\InitNotifySystem.h">
      <Filter>src</Filter>
    </ClInclude>
    <ClInclude Include="src\TaggedClassMgr.h">
      <Filter>src</Filter>
    </ClInclude>
    <ClInclude Include="src\SystemManager.h">
      <Filter>src</Filter>
    </ClInclude>
  </ItemGroup>
</Project>